
Microsoft Visual Studio Solution File, Format Version 12.00
# Visual Studio Version 16
VisualStudioVersion = 16.6.30114.105
MinimumVisualStudioVersion = 10.0.40219.1
Project("{2150E333-8FDC-42A3-9474-1A3956D46DE8}") = "Presentation", "Presentation", "{F8E33EFF-AA32-47FB-A4EE-5C4D2CFFA4D2}"
EndProject
Project("{FAE04EC0-301F-11D3-BF4B-00C04F79EFBC}") = "CleanArch.UI.Mvc", "CleanArch.UI.Mvc\CleanArch.UI.Mvc.csproj", "{1DBE387C-A5B0-40D8-A448-E6B24419BD54}"
EndProject
Project("{2150E333-8FDC-42A3-9474-1A3956D46DE8}") = "Domain", "Domain", "{BE9EC0F6-5B80-4694-B73D-6D467E2AA9C4}"
EndProject
Project("{FAE04EC0-301F-11D3-BF4B-00C04F79EFBC}") = "CleanArch.Domain", "CleanArch.Domain\CleanArch.Domain.csproj", "{84184F23-9026-45E0-824D-916B53459EE9}"
EndProject
Project("{2150E333-8FDC-42A3-9474-1A3956D46DE8}") = "Infra.Data", "Infra.Data", "{C79C2757-5915-4D23-BDBA-08719A647ADD}"
EndProject
Project("{FAE04EC0-301F-11D3-BF4B-00C04F79EFBC}") = "CleanArch.Infra.Data", "CleanArch.Infra\Data\CleanArch.Infra.Data.csproj", "{88500150-A2CA-476A-9C3C-2D5AE4720032}"
EndProject
Project("{2150E333-8FDC-42A3-9474-1A3956D46DE8}") = "Application", "Application", "{B086AA98-542A-418B-8A9A-0F9C18D931E3}"
EndProject
Project("{FAE04EC0-301F-11D3-BF4B-00C04F79EFBC}") = "CleanArch.Application", "CleanArch.Application\CleanArch.Application.csproj", "{E8C09B85-4BE8-4357-BB18-444F1822FCEC}"
EndProject
Project("{2150E333-8FDC-42A3-9474-1A3956D46DE8}") = "Infra.IoC", "Infra.IoC", "{19BDB2B6-C907-47AB-80C4-F79CF0569662}"
EndProject
Project("{FAE04EC0-301F-11D3-BF4B-00C04F79EFBC}") = "CleanArch.Infra.IoC", "CleanArch.Infra\Ioc\CleanArch.Infra.IoC.csproj", "{4CA9A961-3282-4128-8C6F-35B35C6877C1}"
EndProject
Global
	GlobalSection(SolutionProperties) = preSolution
		HideSolutionNode = FALSE
	EndGlobalSection
	GlobalSection(ExtensibilityGlobals) = postSolution
		SolutionGuid = {8261FAF2-4183-4229-A51B-A75B24B0417E}
	EndGlobalSection
	GlobalSection(SolutionConfigurationPlatforms) = preSolution
		Debug|Any CPU = Debug|Any CPU
		Debug|x64 = Debug|x64
		Debug|x86 = Debug|x86
		Release|Any CPU = Release|Any CPU
		Release|x64 = Release|x64
		Release|x86 = Release|x86
	EndGlobalSection
	GlobalSection(ProjectConfigurationPlatforms) = postSolution
		{1DBE387C-A5B0-40D8-A448-E6B24419BD54}.Debug|Any CPU.ActiveCfg = Debug|Any CPU
		{1DBE387C-A5B0-40D8-A448-E6B24419BD54}.Debug|Any CPU.Build.0 = Debug|Any CPU
		{1DBE387C-A5B0-40D8-A448-E6B24419BD54}.Debug|x64.ActiveCfg = Debug|Any CPU
		{1DBE387C-A5B0-40D8-A448-E6B24419BD54}.Debug|x64.Build.0 = Debug|Any CPU
		{1DBE387C-A5B0-40D8-A448-E6B24419BD54}.Debug|x86.ActiveCfg = Debug|Any CPU
		{1DBE387C-A5B0-40D8-A448-E6B24419BD54}.Debug|x86.Build.0 = Debug|Any CPU
		{1DBE387C-A5B0-40D8-A448-E6B24419BD54}.Release|Any CPU.ActiveCfg = Release|Any CPU
		{1DBE387C-A5B0-40D8-A448-E6B24419BD54}.Release|Any CPU.Build.0 = Release|Any CPU
		{1DBE387C-A5B0-40D8-A448-E6B24419BD54}.Release|x64.ActiveCfg = Release|Any CPU
		{1DBE387C-A5B0-40D8-A448-E6B24419BD54}.Release|x64.Build.0 = Release|Any CPU
		{1DBE387C-A5B0-40D8-A448-E6B24419BD54}.Release|x86.ActiveCfg = Release|Any CPU
		{1DBE387C-A5B0-40D8-A448-E6B24419BD54}.Release|x86.Build.0 = Release|Any CPU
		{84184F23-9026-45E0-824D-916B53459EE9}.Debug|Any CPU.ActiveCfg = Debug|Any CPU
		{84184F23-9026-45E0-824D-916B53459EE9}.Debug|Any CPU.Build.0 = Debug|Any CPU
		{84184F23-9026-45E0-824D-916B53459EE9}.Debug|x64.ActiveCfg = Debug|Any CPU
		{84184F23-9026-45E0-824D-916B53459EE9}.Debug|x64.Build.0 = Debug|Any CPU
		{84184F23-9026-45E0-824D-916B53459EE9}.Debug|x86.ActiveCfg = Debug|Any CPU
		{84184F23-9026-45E0-824D-916B53459EE9}.Debug|x86.Build.0 = Debug|Any CPU
		{84184F23-9026-45E0-824D-916B53459EE9}.Release|Any CPU.ActiveCfg = Release|Any CPU
		{84184F23-9026-45E0-824D-916B53459EE9}.Release|Any CPU.Build.0 = Release|Any CPU
		{84184F23-9026-45E0-824D-916B53459EE9}.Release|x64.ActiveCfg = Release|Any CPU
		{84184F23-9026-45E0-824D-916B53459EE9}.Release|x64.Build.0 = Release|Any CPU
		{84184F23-9026-45E0-824D-916B53459EE9}.Release|x86.ActiveCfg = Release|Any CPU
		{84184F23-9026-45E0-824D-916B53459EE9}.Release|x86.Build.0 = Release|Any CPU
		{88500150-A2CA-476A-9C3C-2D5AE4720032}.Debug|Any CPU.ActiveCfg = Debug|Any CPU
		{88500150-A2CA-476A-9C3C-2D5AE4720032}.Debug|Any CPU.Build.0 = Debug|Any CPU
		{88500150-A2CA-476A-9C3C-2D5AE4720032}.Debug|x64.ActiveCfg = Debug|Any CPU
		{88500150-A2CA-476A-9C3C-2D5AE4720032}.Debug|x64.Build.0 = Debug|Any CPU
		{88500150-A2CA-476A-9C3C-2D5AE4720032}.Debug|x86.ActiveCfg = Debug|Any CPU
		{88500150-A2CA-476A-9C3C-2D5AE4720032}.Debug|x86.Build.0 = Debug|Any CPU
		{88500150-A2CA-476A-9C3C-2D5AE4720032}.Release|Any CPU.ActiveCfg = Release|Any CPU
		{88500150-A2CA-476A-9C3C-2D5AE4720032}.Release|Any CPU.Build.0 = Release|Any CPU
		{88500150-A2CA-476A-9C3C-2D5AE4720032}.Release|x64.ActiveCfg = Release|Any CPU
		{88500150-A2CA-476A-9C3C-2D5AE4720032}.Release|x64.Build.0 = Release|Any CPU
		{88500150-A2CA-476A-9C3C-2D5AE4720032}.Release|x86.ActiveCfg = Release|Any CPU
		{88500150-A2CA-476A-9C3C-2D5AE4720032}.Release|x86.Build.0 = Release|Any CPU
		{E8C09B85-4BE8-4357-BB18-444F1822FCEC}.Debug|Any CPU.ActiveCfg = Debug|Any CPU
		{E8C09B85-4BE8-4357-BB18-444F1822FCEC}.Debug|Any CPU.Build.0 = Debug|Any CPU
		{E8C09B85-4BE8-4357-BB18-444F1822FCEC}.Debug|x64.ActiveCfg = Debug|Any CPU
		{E8C09B85-4BE8-4357-BB18-444F1822FCEC}.Debug|x64.Build.0 = Debug|Any CPU
		{E8C09B85-4BE8-4357-BB18-444F1822FCEC}.Debug|x86.ActiveCfg = Debug|Any CPU
		{E8C09B85-4BE8-4357-BB18-444F1822FCEC}.Debug|x86.Build.0 = Debug|Any CPU
		{E8C09B85-4BE8-4357-BB18-444F1822FCEC}.Release|Any CPU.ActiveCfg = Release|Any CPU
		{E8C09B85-4BE8-4357-BB18-444F1822FCEC}.Release|Any CPU.Build.0 = Release|Any CPU
		{E8C09B85-4BE8-4357-BB18-444F1822FCEC}.Release|x64.ActiveCfg = Release|Any CPU
		{E8C09B85-4BE8-4357-BB18-444F1822FCEC}.Release|x64.Build.0 = Release|Any CPU
		{E8C09B85-4BE8-4357-BB18-444F1822FCEC}.Release|x86.ActiveCfg = Release|Any CPU
		{E8C09B85-4BE8-4357-BB18-444F1822FCEC}.Release|x86.Build.0 = Release|Any CPU
		{4CA9A961-3282-4128-8C6F-35B35C6877C1}.Debug|Any CPU.ActiveCfg = Debug|Any CPU
		{4CA9A961-3282-4128-8C6F-35B35C6877C1}.Debug|Any CPU.Build.0 = Debug|Any CPU
		{4CA9A961-3282-4128-8C6F-35B35C6877C1}.Debug|x64.ActiveCfg = Debug|Any CPU
		{4CA9A961-3282-4128-8C6F-35B35C6877C1}.Debug|x64.Build.0 = Debug|Any CPU
		{4CA9A961-3282-4128-8C6F-35B35C6877C1}.Debug|x86.ActiveCfg = Debug|Any CPU
		{4CA9A961-3282-4128-8C6F-35B35C6877C1}.Debug|x86.Build.0 = Debug|Any CPU
		{4CA9A961-3282-4128-8C6F-35B35C6877C1}.Release|Any CPU.ActiveCfg = Release|Any CPU
		{4CA9A961-3282-4128-8C6F-35B35C6877C1}.Release|Any CPU.Build.0 = Release|Any CPU
		{4CA9A961-3282-4128-8C6F-35B35C6877C1}.Release|x64.ActiveCfg = Release|Any CPU
		{4CA9A961-3282-4128-8C6F-35B35C6877C1}.Release|x64.Build.0 = Release|Any CPU
		{4CA9A961-3282-4128-8C6F-35B35C6877C1}.Release|x86.ActiveCfg = Release|Any CPU
		{4CA9A961-3282-4128-8C6F-35B35C6877C1}.Release|x86.Build.0 = Release|Any CPU
	EndGlobalSection
	GlobalSection(NestedProjects) = preSolution
		{1DBE387C-A5B0-40D8-A448-E6B24419BD54} = {F8E33EFF-AA32-47FB-A4EE-5C4D2CFFA4D2}
		{84184F23-9026-45E0-824D-916B53459EE9} = {BE9EC0F6-5B80-4694-B73D-6D467E2AA9C4}
		{88500150-A2CA-476A-9C3C-2D5AE4720032} = {C79C2757-5915-4D23-BDBA-08719A647ADD}
		{E8C09B85-4BE8-4357-BB18-444F1822FCEC} = {B086AA98-542A-418B-8A9A-0F9C18D931E3}
		{4CA9A961-3282-4128-8C6F-35B35C6877C1} = {19BDB2B6-C907-47AB-80C4-F79CF0569662}
	EndGlobalSection
EndGlobal
