
Microsoft Visual Studio Solution File, Format Version 12.00
# Visual Studio Version 16
VisualStudioVersion = 16.6.30114.105
MinimumVisualStudioVersion = 10.0.40219.1
Project("{2150E333-8FDC-42A3-9474-1A3956D46DE8}") = "Presentation", "Presentation", "{F8E33EFF-AA32-47FB-A4EE-5C4D2CFFA4D2}"
EndProject
Project("{FAE04EC0-301F-11D3-BF4B-00C04F79EFBC}") = "CleanArch.UI.Mvc", "CleanArch.UI.Mvc\CleanArch.UI.Mvc.csproj", "{1DBE387C-A5B0-40D8-A448-E6B24419BD54}"
EndProject
Project("{2150E333-8FDC-42A3-9474-1A3956D46DE8}") = "Domain", "Domain", "{BE9EC0F6-5B80-4694-B73D-6D467E2AA9C4}"
EndProject
Project("{FAE04EC0-301F-11D3-BF4B-00C04F79EFBC}") = "CleanArch.Domain", "CleanArch.Domain\CleanArch.Domain.csproj", "{84184F23-9026-45E0-824D-916B53459EE9}"
EndProject
Global
	GlobalSection(SolutionProperties) = preSolution
		HideSolutionNode = FALSE
	EndGlobalSection
	GlobalSection(ExtensibilityGlobals) = postSolution
		SolutionGuid = {8261FAF2-4183-4229-A51B-A75B24B0417E}
	EndGlobalSection
	GlobalSection(SolutionConfigurationPlatforms) = preSolution
		Debug|Any CPU = Debug|Any CPU
		Debug|x64 = Debug|x64
		Debug|x86 = Debug|x86
		Release|Any CPU = Release|Any CPU
		Release|x64 = Release|x64
		Release|x86 = Release|x86
	EndGlobalSection
	GlobalSection(ProjectConfigurationPlatforms) = postSolution
		{1DBE387C-A5B0-40D8-A448-E6B24419BD54}.Debug|Any CPU.ActiveCfg = Debug|Any CPU
		{1DBE387C-A5B0-40D8-A448-E6B24419BD54}.Debug|Any CPU.Build.0 = Debug|Any CPU
		{1DBE387C-A5B0-40D8-A448-E6B24419BD54}.Debug|x64.ActiveCfg = Debug|Any CPU
		{1DBE387C-A5B0-40D8-A448-E6B24419BD54}.Debug|x64.Build.0 = Debug|Any CPU
		{1DBE387C-A5B0-40D8-A448-E6B24419BD54}.Debug|x86.ActiveCfg = Debug|Any CPU
		{1DBE387C-A5B0-40D8-A448-E6B24419BD54}.Debug|x86.Build.0 = Debug|Any CPU
		{1DBE387C-A5B0-40D8-A448-E6B24419BD54}.Release|Any CPU.ActiveCfg = Release|Any CPU
		{1DBE387C-A5B0-40D8-A448-E6B24419BD54}.Release|Any CPU.Build.0 = Release|Any CPU
		{1DBE387C-A5B0-40D8-A448-E6B24419BD54}.Release|x64.ActiveCfg = Release|Any CPU
		{1DBE387C-A5B0-40D8-A448-E6B24419BD54}.Release|x64.Build.0 = Release|Any CPU
		{1DBE387C-A5B0-40D8-A448-E6B24419BD54}.Release|x86.ActiveCfg = Release|Any CPU
		{1DBE387C-A5B0-40D8-A448-E6B24419BD54}.Release|x86.Build.0 = Release|Any CPU
		{84184F23-9026-45E0-824D-916B53459EE9}.Debug|Any CPU.ActiveCfg = Debug|Any CPU
		{84184F23-9026-45E0-824D-916B53459EE9}.Debug|Any CPU.Build.0 = Debug|Any CPU
		{84184F23-9026-45E0-824D-916B53459EE9}.Debug|x64.ActiveCfg = Debug|Any CPU
		{84184F23-9026-45E0-824D-916B53459EE9}.Debug|x64.Build.0 = Debug|Any CPU
		{84184F23-9026-45E0-824D-916B53459EE9}.Debug|x86.ActiveCfg = Debug|Any CPU
		{84184F23-9026-45E0-824D-916B53459EE9}.Debug|x86.Build.0 = Debug|Any CPU
		{84184F23-9026-45E0-824D-916B53459EE9}.Release|Any CPU.ActiveCfg = Release|Any CPU
		{84184F23-9026-45E0-824D-916B53459EE9}.Release|Any CPU.Build.0 = Release|Any CPU
		{84184F23-9026-45E0-824D-916B53459EE9}.Release|x64.ActiveCfg = Release|Any CPU
		{84184F23-9026-45E0-824D-916B53459EE9}.Release|x64.Build.0 = Release|Any CPU
		{84184F23-9026-45E0-824D-916B53459EE9}.Release|x86.ActiveCfg = Release|Any CPU
		{84184F23-9026-45E0-824D-916B53459EE9}.Release|x86.Build.0 = Release|Any CPU
	EndGlobalSection
	GlobalSection(NestedProjects) = preSolution
		{1DBE387C-A5B0-40D8-A448-E6B24419BD54} = {F8E33EFF-AA32-47FB-A4EE-5C4D2CFFA4D2}
		{84184F23-9026-45E0-824D-916B53459EE9} = {BE9EC0F6-5B80-4694-B73D-6D467E2AA9C4}
	EndGlobalSection
EndGlobal
